{"1.1.0",
[{<<"chatterbox">>,
  {git,"https://github.com/joedevivo/chatterbox.git",
       {ref,"378ea0917360070579495376143131ffcc995e01"}},
  0},
 {<<"goldrush">>,{pkg,<<"goldrush">>,<<"0.1.9">>},1},
 {<<"hpack">>,{pkg,<<"hpack_erl">>,<<"0.2.3">>},1},
 {<<"lager">>,{pkg,<<"lager">>,<<"3.5.1">>},0},
 {<<"ulitos">>,{pkg,<<"ulitos">>,<<"0.4.0">>},0}]}.
[
{pkg_hash,[
 {<<"goldrush">>, <<"F06E5D5F1277DA5C413E84D5A2924174182FB108DABB39D5EC548B27424CD106">>},
 {<<"hpack">>, <<"17670F83FF984AE6CD74B1C456EDDE906D27FF013740EE4D9EFAA4F1BF999633">>},
 {<<"lager">>, <<"63897A61AF646C59BB928FEE9756CE8BDD02D5A1A2F3551D4A5E38386C2CC071">>},
 {<<"ulitos">>, <<"BCDF0528AF4B59F1CB7D710E4B056688751C600833F31F504FEC4BAA88F0F42B">>}]}
].
