{"1.1.0",
[{<<"chatterbox">>,
  {git,"https://github.com/joedevivo/chatterbox.git",
       {ref,"4ff26020ae3cd6eb130ce615eb8797b816a34d50"}},
  0},
 {<<"goldrush">>,{pkg,<<"goldrush">>,<<"0.1.8">>},1},
 {<<"hpack">>,{pkg,<<"hpack_erl">>,<<"0.2.3">>},1},
 {<<"lager">>,{pkg,<<"lager">>,<<"3.2.1">>},0},
 {<<"ulitos">>,{pkg,<<"ulitos">>,<<"0.3.0">>},0}]}.
[
{pkg_hash,[
 {<<"goldrush">>, <<"2024BA375CEEA47E27EA70E14D2C483B2D8610101B4E852EF7F89163CDB6E649">>},
 {<<"hpack">>, <<"17670F83FF984AE6CD74B1C456EDDE906D27FF013740EE4D9EFAA4F1BF999633">>},
 {<<"lager">>, <<"EEF4E18B39E4195D37606D9088EA05BF1B745986CF8EC84F01D332456FE88D17">>},
 {<<"ulitos">>, <<"B22D60F72A0627F5BBCA2A42A8A140467B954EF950E4716E3BD0E42ABF135102">>}]}
].
